// !$*UTF8*$!
{
	archiveVersion = 1;
	classes = {
	};
	objectVersion = 50;
	objects = {

/* Begin PBXBuildFile section */
		256641BBD0D9CB27F9FC99E6 /* Pods_IntegerFinderTests.framework in Frameworks */ = {isa = PBXBuildFile; fileRef = DDF45544C6D5EDB346FE8770 /* Pods_IntegerFinderTests.framework */; };
		4DAD292551C2F2BE795EB12F /* Pods_IntegerFinder.framework in Frameworks */ = {isa = PBXBuildFile; fileRef = EFF3ECE4FB27D810EB5A1677 /* Pods_IntegerFinder.framework */; };
		A18AF54B20D3449C004652F7 /* IntegerMatcherUseCase.swift in Sources */ = {isa = PBXBuildFile; fileRef = A18AF54A20D3449C004652F7 /* IntegerMatcherUseCase.swift */; };
		A1DD1EE520D18BBE001DFA5E /* AppDelegate.swift in Sources */ = {isa = PBXBuildFile; fileRef = A1DD1EE420D18BBE001DFA5E /* AppDelegate.swift */; };
		A1DD1EEA20D18BBE001DFA5E /* Main.storyboard in Resources */ = {isa = PBXBuildFile; fileRef = A1DD1EE820D18BBE001DFA5E /* Main.storyboard */; };
		A1DD1EEC20D18BBF001DFA5E /* Assets.xcassets in Resources */ = {isa = PBXBuildFile; fileRef = A1DD1EEB20D18BBF001DFA5E /* Assets.xcassets */; };
		A1DD1EEF20D18BBF001DFA5E /* LaunchScreen.storyboard in Resources */ = {isa = PBXBuildFile; fileRef = A1DD1EED20D18BBF001DFA5E /* LaunchScreen.storyboard */; };
		A1DD1EFA20D18BBF001DFA5E /* IntegerFinderTests.swift in Sources */ = {isa = PBXBuildFile; fileRef = A1DD1EF920D18BBF001DFA5E /* IntegerFinderTests.swift */; };
		A1DD1F0520D18BBF001DFA5E /* IntegerFinderUITests.swift in Sources */ = {isa = PBXBuildFile; fileRef = A1DD1F0420D18BBF001DFA5E /* IntegerFinderUITests.swift */; };
		A1DD1F1E20D18D76001DFA5E /* MainNetworkRepository.swift in Sources */ = {isa = PBXBuildFile; fileRef = A1DD1F1C20D18D76001DFA5E /* MainNetworkRepository.swift */; };
		A1DD1F1F20D18D76001DFA5E /* MainRepository.swift in Sources */ = {isa = PBXBuildFile; fileRef = A1DD1F1D20D18D76001DFA5E /* MainRepository.swift */; };
		A1DD1F2220D18D8E001DFA5E /* GenericEntityMapper.swift in Sources */ = {isa = PBXBuildFile; fileRef = A1DD1F2020D18D8E001DFA5E /* GenericEntityMapper.swift */; };
		A1DD1F2320D18D8E001DFA5E /* MappableEntity.swift in Sources */ = {isa = PBXBuildFile; fileRef = A1DD1F2120D18D8E001DFA5E /* MappableEntity.swift */; };
		A1DD1F2620D18D9F001DFA5E /* Int+MappableEntity.swift in Sources */ = {isa = PBXBuildFile; fileRef = A1DD1F2520D18D9F001DFA5E /* Int+MappableEntity.swift */; };
		A1DD1F2820D18DAC001DFA5E /* NetworkSettings.swift in Sources */ = {isa = PBXBuildFile; fileRef = A1DD1F2720D18DAC001DFA5E /* NetworkSettings.swift */; };
		A1DD1F2C20D18E45001DFA5E /* JSONError.swift in Sources */ = {isa = PBXBuildFile; fileRef = A1DD1F2A20D18E44001DFA5E /* JSONError.swift */; };
		A1DD1F2D20D18E45001DFA5E /* HTTPError.swift in Sources */ = {isa = PBXBuildFile; fileRef = A1DD1F2B20D18E45001DFA5E /* HTTPError.swift */; };
		A1DD1F3020D18E50001DFA5E /* ErrorCatcher.swift in Sources */ = {isa = PBXBuildFile; fileRef = A1DD1F2F20D18E50001DFA5E /* ErrorCatcher.swift */; };
		A1DD1F3320D18E66001DFA5E /* IntegerFinderAPI.swift in Sources */ = {isa = PBXBuildFile; fileRef = A1DD1F3220D18E66001DFA5E /* IntegerFinderAPI.swift */; };
		A1E5D87020D19F52002DA442 /* RetrieveIntegerArrayUseCase.swift in Sources */ = {isa = PBXBuildFile; fileRef = A1E5D86F20D19F52002DA442 /* RetrieveIntegerArrayUseCase.swift */; };
		A1E5D87520D1A06C002DA442 /* CollectionViewAdapter.swift in Sources */ = {isa = PBXBuildFile; fileRef = A1E5D87420D1A06C002DA442 /* CollectionViewAdapter.swift */; };
		A1E5D87920D1A0E2002DA442 /* IntegerArrayCollectionView.swift in Sources */ = {isa = PBXBuildFile; fileRef = A1E5D87820D1A0E2002DA442 /* IntegerArrayCollectionView.swift */; };
		A1E5D87F20D1A2B3002DA442 /* R.generated.swift in Sources */ = {isa = PBXBuildFile; fileRef = A1E5D87E20D1A2B3002DA442 /* R.generated.swift */; };
		A1E5D88120D1A30C002DA442 /* IntegerArrayCollectionViewCell.xib in Resources */ = {isa = PBXBuildFile; fileRef = A1E5D88020D1A30C002DA442 /* IntegerArrayCollectionViewCell.xib */; };
		A1E5D88320D1A920002DA442 /* IntegerArrayCollectionViewCell.swift in Sources */ = {isa = PBXBuildFile; fileRef = A1E5D88220D1A920002DA442 /* IntegerArrayCollectionViewCell.swift */; };
		A1E5D88620D1AA3E002DA442 /* IntegerArrayViewModel.swift in Sources */ = {isa = PBXBuildFile; fileRef = A1E5D88520D1AA3E002DA442 /* IntegerArrayViewModel.swift */; };
		A1E5D88820D1AC3C002DA442 /* MainScreenViewController.swift in Sources */ = {isa = PBXBuildFile; fileRef = A1E5D88720D1AC3C002DA442 /* MainScreenViewController.swift */; };
		A1E5D88A20D1AC4E002DA442 /* MainScreenPresenter.swift in Sources */ = {isa = PBXBuildFile; fileRef = A1E5D88920D1AC4E002DA442 /* MainScreenPresenter.swift */; };
		A1E5D88C20D1AC5D002DA442 /* MainScreenConfigurator.swift in Sources */ = {isa = PBXBuildFile; fileRef = A1E5D88B20D1AC5D002DA442 /* MainScreenConfigurator.swift */; };
		A1E5D88E20D1AC70002DA442 /* MainScreenRouter.swift in Sources */ = {isa = PBXBuildFile; fileRef = A1E5D88D20D1AC70002DA442 /* MainScreenRouter.swift */; };
		A1FE0EA820D1B30E003D6ADB /* UseCaseDependencyInjection.swift in Sources */ = {isa = PBXBuildFile; fileRef = A1FE0EA720D1B30E003D6ADB /* UseCaseDependencyInjection.swift */; };
		A1FE0EAA20D1B3B1003D6ADB /* RepositoryDependencyInjection.swift in Sources */ = {isa = PBXBuildFile; fileRef = A1FE0EA920D1B3B1003D6ADB /* RepositoryDependencyInjection.swift */; };
		A1FE0EAC20D1B593003D6ADB /* SceneDependencyInjection.swift in Sources */ = {isa = PBXBuildFile; fileRef = A1FE0EAB20D1B593003D6ADB /* SceneDependencyInjection.swift */; };
		A1FE0EAE20D1BCD1003D6ADB /* SwinjectStoryboard+Setup.swift in Sources */ = {isa = PBXBuildFile; fileRef = A1FE0EAD20D1BCD1003D6ADB /* SwinjectStoryboard+Setup.swift */; };
		A1FE0EB220D291CC003D6ADB /* GenericViewModelMapper.swift in Sources */ = {isa = PBXBuildFile; fileRef = A1FE0EB120D291CC003D6ADB /* GenericViewModelMapper.swift */; };
		A1FE0EB420D291D6003D6ADB /* MappableViewModel.swift in Sources */ = {isa = PBXBuildFile; fileRef = A1FE0EB320D291D6003D6ADB /* MappableViewModel.swift */; };
		A1FE0EB920D29273003D6ADB /* IntegerArrayViewModel+Mappable.swift in Sources */ = {isa = PBXBuildFile; fileRef = A1FE0EB820D29273003D6ADB /* IntegerArrayViewModel+Mappable.swift */; };
		A1FE0EBE20D2937E003D6ADB /* MappableModel.swift in Sources */ = {isa = PBXBuildFile; fileRef = A1FE0EBD20D2937E003D6ADB /* MappableModel.swift */; };
		A1FE0EC120D2939F003D6ADB /* GenericModelMapper.swift in Sources */ = {isa = PBXBuildFile; fileRef = A1FE0EC020D2939F003D6ADB /* GenericModelMapper.swift */; };
		A1FE0EC420D293FB003D6ADB /* Int+MappableModel.swift in Sources */ = {isa = PBXBuildFile; fileRef = A1FE0EC320D293FB003D6ADB /* Int+MappableModel.swift */; };
/* End PBXBuildFile section */

/* Begin PBXContainerItemProxy section */
		A1DD1EF620D18BBF001DFA5E /* PBXContainerItemProxy */ = {
			isa = PBXContainerItemProxy;
			containerPortal = A1DD1ED920D18BBE001DFA5E /* Project object */;
			proxyType = 1;
			remoteGlobalIDString = A1DD1EE020D18BBE001DFA5E;
			remoteInfo = IntegerFinder;
		};
		A1DD1F0120D18BBF001DFA5E /* PBXContainerItemProxy */ = {
			isa = PBXContainerItemProxy;
			containerPortal = A1DD1ED920D18BBE001DFA5E /* Project object */;
			proxyType = 1;
			remoteGlobalIDString = A1DD1EE020D18BBE001DFA5E;
			remoteInfo = IntegerFinder;
		};
/* End PBXContainerItemProxy section */

/* Begin PBXFileReference section */
		A18AF54A20D3449C004652F7 /* IntegerMatcherUseCase.swift */ = {isa = PBXFileReference; lastKnownFileType = sourcecode.swift; path = IntegerMatcherUseCase.swift; sourceTree = "<group>"; };
		A1DD1EE120D18BBE001DFA5E /* IntegerFinder.app */ = {isa = PBXFileReference; explicitFileType = wrapper.application; includeInIndex = 0; path = IntegerFinder.app; sourceTree = BUILT_PRODUCTS_DIR; };
		A1DD1EE420D18BBE001DFA5E /* AppDelegate.swift */ = {isa = PBXFileReference; lastKnownFileType = sourcecode.swift; path = AppDelegate.swift; sourceTree = "<group>"; };
		A1DD1EE920D18BBE001DFA5E /* Base */ = {isa = PBXFileReference; lastKnownFileType = file.storyboard; name = Base; path = Base.lproj/Main.storyboard; sourceTree = "<group>"; };
		A1DD1EEB20D18BBF001DFA5E /* Assets.xcassets */ = {isa = PBXFileReference; lastKnownFileType = folder.assetcatalog; path = Assets.xcassets; sourceTree = "<group>"; };
		A1DD1EEE20D18BBF001DFA5E /* Base */ = {isa = PBXFileReference; lastKnownFileType = file.storyboard; name = Base; path = Base.lproj/LaunchScreen.storyboard; sourceTree = "<group>"; };
		A1DD1EF020D18BBF001DFA5E /* Info.plist */ = {isa = PBXFileReference; lastKnownFileType = text.plist.xml; path = Info.plist; sourceTree = "<group>"; };
		A1DD1EF520D18BBF001DFA5E /* IntegerFinderTests.xctest */ = {isa = PBXFileReference; explicitFileType = wrapper.cfbundle; includeInIndex = 0; path = IntegerFinderTests.xctest; sourceTree = BUILT_PRODUCTS_DIR; };
		A1DD1EF920D18BBF001DFA5E /* IntegerFinderTests.swift */ = {isa = PBXFileReference; lastKnownFileType = sourcecode.swift; path = IntegerFinderTests.swift; sourceTree = "<group>"; };
		A1DD1EFB20D18BBF001DFA5E /* Info.plist */ = {isa = PBXFileReference; lastKnownFileType = text.plist.xml; path = Info.plist; sourceTree = "<group>"; };
		A1DD1F0020D18BBF001DFA5E /* IntegerFinderUITests.xctest */ = {isa = PBXFileReference; explicitFileType = wrapper.cfbundle; includeInIndex = 0; path = IntegerFinderUITests.xctest; sourceTree = BUILT_PRODUCTS_DIR; };
		A1DD1F0420D18BBF001DFA5E /* IntegerFinderUITests.swift */ = {isa = PBXFileReference; lastKnownFileType = sourcecode.swift; path = IntegerFinderUITests.swift; sourceTree = "<group>"; };
		A1DD1F0620D18BBF001DFA5E /* Info.plist */ = {isa = PBXFileReference; lastKnownFileType = text.plist.xml; path = Info.plist; sourceTree = "<group>"; };
		A1DD1F1C20D18D76001DFA5E /* MainNetworkRepository.swift */ = {isa = PBXFileReference; fileEncoding = 4; lastKnownFileType = sourcecode.swift; path = MainNetworkRepository.swift; sourceTree = "<group>"; };
		A1DD1F1D20D18D76001DFA5E /* MainRepository.swift */ = {isa = PBXFileReference; fileEncoding = 4; lastKnownFileType = sourcecode.swift; path = MainRepository.swift; sourceTree = "<group>"; };
		A1DD1F2020D18D8E001DFA5E /* GenericEntityMapper.swift */ = {isa = PBXFileReference; fileEncoding = 4; lastKnownFileType = sourcecode.swift; path = GenericEntityMapper.swift; sourceTree = "<group>"; };
		A1DD1F2120D18D8E001DFA5E /* MappableEntity.swift */ = {isa = PBXFileReference; fileEncoding = 4; lastKnownFileType = sourcecode.swift; path = MappableEntity.swift; sourceTree = "<group>"; };
		A1DD1F2520D18D9F001DFA5E /* Int+MappableEntity.swift */ = {isa = PBXFileReference; fileEncoding = 4; lastKnownFileType = sourcecode.swift; path = "Int+MappableEntity.swift"; sourceTree = "<group>"; };
		A1DD1F2720D18DAC001DFA5E /* NetworkSettings.swift */ = {isa = PBXFileReference; fileEncoding = 4; lastKnownFileType = sourcecode.swift; path = NetworkSettings.swift; sourceTree = "<group>"; };
		A1DD1F2A20D18E44001DFA5E /* JSONError.swift */ = {isa = PBXFileReference; fileEncoding = 4; lastKnownFileType = sourcecode.swift; path = JSONError.swift; sourceTree = "<group>"; };
		A1DD1F2B20D18E45001DFA5E /* HTTPError.swift */ = {isa = PBXFileReference; fileEncoding = 4; lastKnownFileType = sourcecode.swift; path = HTTPError.swift; sourceTree = "<group>"; };
		A1DD1F2F20D18E50001DFA5E /* ErrorCatcher.swift */ = {isa = PBXFileReference; fileEncoding = 4; lastKnownFileType = sourcecode.swift; path = ErrorCatcher.swift; sourceTree = "<group>"; };
		A1DD1F3220D18E66001DFA5E /* IntegerFinderAPI.swift */ = {isa = PBXFileReference; fileEncoding = 4; lastKnownFileType = sourcecode.swift; path = IntegerFinderAPI.swift; sourceTree = "<group>"; };
		A1E5D86F20D19F52002DA442 /* RetrieveIntegerArrayUseCase.swift */ = {isa = PBXFileReference; lastKnownFileType = sourcecode.swift; path = RetrieveIntegerArrayUseCase.swift; sourceTree = "<group>"; };
		A1E5D87420D1A06C002DA442 /* CollectionViewAdapter.swift */ = {isa = PBXFileReference; lastKnownFileType = sourcecode.swift; path = CollectionViewAdapter.swift; sourceTree = "<group>"; };
		A1E5D87820D1A0E2002DA442 /* IntegerArrayCollectionView.swift */ = {isa = PBXFileReference; lastKnownFileType = sourcecode.swift; path = IntegerArrayCollectionView.swift; sourceTree = "<group>"; };
		A1E5D87E20D1A2B3002DA442 /* R.generated.swift */ = {isa = PBXFileReference; fileEncoding = 4; lastKnownFileType = sourcecode.swift; path = R.generated.swift; sourceTree = SOURCE_ROOT; };
		A1E5D88020D1A30C002DA442 /* IntegerArrayCollectionViewCell.xib */ = {isa = PBXFileReference; lastKnownFileType = file.xib; path = IntegerArrayCollectionViewCell.xib; sourceTree = "<group>"; };
		A1E5D88220D1A920002DA442 /* IntegerArrayCollectionViewCell.swift */ = {isa = PBXFileReference; lastKnownFileType = sourcecode.swift; path = IntegerArrayCollectionViewCell.swift; sourceTree = "<group>"; };
		A1E5D88520D1AA3E002DA442 /* IntegerArrayViewModel.swift */ = {isa = PBXFileReference; lastKnownFileType = sourcecode.swift; path = IntegerArrayViewModel.swift; sourceTree = "<group>"; };
		A1E5D88720D1AC3C002DA442 /* MainScreenViewController.swift */ = {isa = PBXFileReference; lastKnownFileType = sourcecode.swift; path = MainScreenViewController.swift; sourceTree = "<group>"; };
		A1E5D88920D1AC4E002DA442 /* MainScreenPresenter.swift */ = {isa = PBXFileReference; lastKnownFileType = sourcecode.swift; path = MainScreenPresenter.swift; sourceTree = "<group>"; };
		A1E5D88B20D1AC5D002DA442 /* MainScreenConfigurator.swift */ = {isa = PBXFileReference; lastKnownFileType = sourcecode.swift; path = MainScreenConfigurator.swift; sourceTree = "<group>"; };
		A1E5D88D20D1AC70002DA442 /* MainScreenRouter.swift */ = {isa = PBXFileReference; lastKnownFileType = sourcecode.swift; path = MainScreenRouter.swift; sourceTree = "<group>"; };
		A1FE0EA720D1B30E003D6ADB /* UseCaseDependencyInjection.swift */ = {isa = PBXFileReference; lastKnownFileType = sourcecode.swift; path = UseCaseDependencyInjection.swift; sourceTree = "<group>"; };
		A1FE0EA920D1B3B1003D6ADB /* RepositoryDependencyInjection.swift */ = {isa = PBXFileReference; lastKnownFileType = sourcecode.swift; path = RepositoryDependencyInjection.swift; sourceTree = "<group>"; };
		A1FE0EAB20D1B593003D6ADB /* SceneDependencyInjection.swift */ = {isa = PBXFileReference; lastKnownFileType = sourcecode.swift; path = SceneDependencyInjection.swift; sourceTree = "<group>"; };
		A1FE0EAD20D1BCD1003D6ADB /* SwinjectStoryboard+Setup.swift */ = {isa = PBXFileReference; lastKnownFileType = sourcecode.swift; path = "SwinjectStoryboard+Setup.swift"; sourceTree = "<group>"; };
		A1FE0EB120D291CC003D6ADB /* GenericViewModelMapper.swift */ = {isa = PBXFileReference; lastKnownFileType = sourcecode.swift; path = GenericViewModelMapper.swift; sourceTree = "<group>"; };
		A1FE0EB320D291D6003D6ADB /* MappableViewModel.swift */ = {isa = PBXFileReference; lastKnownFileType = sourcecode.swift; path = MappableViewModel.swift; sourceTree = "<group>"; };
		A1FE0EB820D29273003D6ADB /* IntegerArrayViewModel+Mappable.swift */ = {isa = PBXFileReference; lastKnownFileType = sourcecode.swift; path = "IntegerArrayViewModel+Mappable.swift"; sourceTree = "<group>"; };
		A1FE0EBD20D2937E003D6ADB /* MappableModel.swift */ = {isa = PBXFileReference; lastKnownFileType = sourcecode.swift; path = MappableModel.swift; sourceTree = "<group>"; };
		A1FE0EC020D2939F003D6ADB /* GenericModelMapper.swift */ = {isa = PBXFileReference; lastKnownFileType = sourcecode.swift; path = GenericModelMapper.swift; sourceTree = "<group>"; };
		A1FE0EC320D293FB003D6ADB /* Int+MappableModel.swift */ = {isa = PBXFileReference; lastKnownFileType = sourcecode.swift; path = "Int+MappableModel.swift"; sourceTree = "<group>"; };
		B2410ED8419BEE4EA69A1F2C /* Pods-IntegerFinderTests.release.xcconfig */ = {isa = PBXFileReference; includeInIndex = 1; lastKnownFileType = text.xcconfig; name = "Pods-IntegerFinderTests.release.xcconfig"; path = "Pods/Target Support Files/Pods-IntegerFinderTests/Pods-IntegerFinderTests.release.xcconfig"; sourceTree = "<group>"; };
		C638EE1D4068D80D4A704973 /* Pods-IntegerFinder.release.xcconfig */ = {isa = PBXFileReference; includeInIndex = 1; lastKnownFileType = text.xcconfig; name = "Pods-IntegerFinder.release.xcconfig"; path = "Pods/Target Support Files/Pods-IntegerFinder/Pods-IntegerFinder.release.xcconfig"; sourceTree = "<group>"; };
		CC3DD59C37F6C5A83C2D3F5C /* Pods-IntegerFinderTests.debug.xcconfig */ = {isa = PBXFileReference; includeInIndex = 1; lastKnownFileType = text.xcconfig; name = "Pods-IntegerFinderTests.debug.xcconfig"; path = "Pods/Target Support Files/Pods-IntegerFinderTests/Pods-IntegerFinderTests.debug.xcconfig"; sourceTree = "<group>"; };
		DDF45544C6D5EDB346FE8770 /* Pods_IntegerFinderTests.framework */ = {isa = PBXFileReference; explicitFileType = wrapper.framework; includeInIndex = 0; path = Pods_IntegerFinderTests.framework; sourceTree = BUILT_PRODUCTS_DIR; };
		EC131227B476433027E5E1F7 /* Pods-IntegerFinder.debug.xcconfig */ = {isa = PBXFileReference; includeInIndex = 1; lastKnownFileType = text.xcconfig; name = "Pods-IntegerFinder.debug.xcconfig"; path = "Pods/Target Support Files/Pods-IntegerFinder/Pods-IntegerFinder.debug.xcconfig"; sourceTree = "<group>"; };
		EFF3ECE4FB27D810EB5A1677 /* Pods_IntegerFinder.framework */ = {isa = PBXFileReference; explicitFileType = wrapper.framework; includeInIndex = 0; path = Pods_IntegerFinder.framework; sourceTree = BUILT_PRODUCTS_DIR; };
/* End PBXFileReference section */

/* Begin PBXFrameworksBuildPhase section */
		A1DD1EDE20D18BBE001DFA5E /* Frameworks */ = {
			isa = PBXFrameworksBuildPhase;
			buildActionMask = 2147483647;
			files = (
				4DAD292551C2F2BE795EB12F /* Pods_IntegerFinder.framework in Frameworks */,
			);
			runOnlyForDeploymentPostprocessing = 0;
		};
		A1DD1EF220D18BBF001DFA5E /* Frameworks */ = {
			isa = PBXFrameworksBuildPhase;
			buildActionMask = 2147483647;
			files = (
				256641BBD0D9CB27F9FC99E6 /* Pods_IntegerFinderTests.framework in Frameworks */,
			);
			runOnlyForDeploymentPostprocessing = 0;
		};
		A1DD1EFD20D18BBF001DFA5E /* Frameworks */ = {
			isa = PBXFrameworksBuildPhase;
			buildActionMask = 2147483647;
			files = (
			);
			runOnlyForDeploymentPostprocessing = 0;
		};
/* End PBXFrameworksBuildPhase section */

/* Begin PBXGroup section */
		1F6D460683B4FD2CF553A067 /* Pods */ = {
			isa = PBXGroup;
			children = (
				EC131227B476433027E5E1F7 /* Pods-IntegerFinder.debug.xcconfig */,
				C638EE1D4068D80D4A704973 /* Pods-IntegerFinder.release.xcconfig */,
				CC3DD59C37F6C5A83C2D3F5C /* Pods-IntegerFinderTests.debug.xcconfig */,
				B2410ED8419BEE4EA69A1F2C /* Pods-IntegerFinderTests.release.xcconfig */,
			);
			name = Pods;
			sourceTree = "<group>";
		};
		567FB8974A1D7549964942A0 /* Frameworks */ = {
			isa = PBXGroup;
			children = (
				EFF3ECE4FB27D810EB5A1677 /* Pods_IntegerFinder.framework */,
				DDF45544C6D5EDB346FE8770 /* Pods_IntegerFinderTests.framework */,
			);
			name = Frameworks;
			sourceTree = "<group>";
		};
		A1DD1ED820D18BBE001DFA5E = {
			isa = PBXGroup;
			children = (
				A1DD1EE320D18BBE001DFA5E /* IntegerFinder */,
				A1DD1EF820D18BBF001DFA5E /* IntegerFinderTests */,
				A1DD1F0320D18BBF001DFA5E /* IntegerFinderUITests */,
				A1DD1EE220D18BBE001DFA5E /* Products */,
				1F6D460683B4FD2CF553A067 /* Pods */,
				567FB8974A1D7549964942A0 /* Frameworks */,
			);
			sourceTree = "<group>";
		};
		A1DD1EE220D18BBE001DFA5E /* Products */ = {
			isa = PBXGroup;
			children = (
				A1DD1EE120D18BBE001DFA5E /* IntegerFinder.app */,
				A1DD1EF520D18BBF001DFA5E /* IntegerFinderTests.xctest */,
				A1DD1F0020D18BBF001DFA5E /* IntegerFinderUITests.xctest */,
			);
			name = Products;
			sourceTree = "<group>";
		};
		A1DD1EE320D18BBE001DFA5E /* IntegerFinder */ = {
			isa = PBXGroup;
			children = (
				A1E5D88F20D1B1FF002DA442 /* Dependency Injection */,
				A1DD1F1720D18D2F001DFA5E /* Presentation */,
				A1DD1F1620D18D27001DFA5E /* Domain */,
				A1DD1F1520D18D20001DFA5E /* Store */,
				A1DD1F1220D18CE7001DFA5E /* Support Files */,
			);
			path = IntegerFinder;
			sourceTree = "<group>";
		};
		A1DD1EF820D18BBF001DFA5E /* IntegerFinderTests */ = {
			isa = PBXGroup;
			children = (
				A1DD1EF920D18BBF001DFA5E /* IntegerFinderTests.swift */,
				A1DD1EFB20D18BBF001DFA5E /* Info.plist */,
			);
			path = IntegerFinderTests;
			sourceTree = "<group>";
		};
		A1DD1F0320D18BBF001DFA5E /* IntegerFinderUITests */ = {
			isa = PBXGroup;
			children = (
				A1DD1F0420D18BBF001DFA5E /* IntegerFinderUITests.swift */,
				A1DD1F0620D18BBF001DFA5E /* Info.plist */,
			);
			path = IntegerFinderUITests;
			sourceTree = "<group>";
		};
		A1DD1F1220D18CE7001DFA5E /* Support Files */ = {
			isa = PBXGroup;
			children = (
				A1E5D87E20D1A2B3002DA442 /* R.generated.swift */,
				A1DD1EE420D18BBE001DFA5E /* AppDelegate.swift */,
				A1DD1EED20D18BBF001DFA5E /* LaunchScreen.storyboard */,
				A1DD1EEB20D18BBF001DFA5E /* Assets.xcassets */,
				A1DD1EF020D18BBF001DFA5E /* Info.plist */,
			);
			path = "Support Files";
			sourceTree = "<group>";
		};
		A1DD1F1520D18D20001DFA5E /* Store */ = {
			isa = PBXGroup;
			children = (
				A1DD1F1A20D18D55001DFA5E /* Repository */,
				A1DD1F1820D18D44001DFA5E /* Mapper */,
				A1DD1F1920D18D4F001DFA5E /* Network */,
			);
			path = Store;
			sourceTree = "<group>";
		};
		A1DD1F1620D18D27001DFA5E /* Domain */ = {
			isa = PBXGroup;
			children = (
				A1FE0EBA20D2933F003D6ADB /* Mapper */,
				A1E5D86E20D19F3C002DA442 /* Use Case */,
			);
			path = Domain;
			sourceTree = "<group>";
		};
		A1DD1F1720D18D2F001DFA5E /* Presentation */ = {
			isa = PBXGroup;
			children = (
				A1E5D87320D1A054002DA442 /* Protocol */,
				A1E5D87220D1A026002DA442 /* Scenes */,
			);
			path = Presentation;
			sourceTree = "<group>";
		};
		A1DD1F1820D18D44001DFA5E /* Mapper */ = {
			isa = PBXGroup;
			children = (
				A1FE0EBC20D2935C003D6ADB /* Generic */,
				A1DD1F2420D18D95001DFA5E /* Entity */,
				A1DD1F2120D18D8E001DFA5E /* MappableEntity.swift */,
			);
			path = Mapper;
			sourceTree = "<group>";
		};
		A1DD1F1920D18D4F001DFA5E /* Network */ = {
			isa = PBXGroup;
			children = (
				A1DD1F3120D18E5C001DFA5E /* Endpoint */,
				A1DD1F2920D18E39001DFA5E /* Error */,
				A1DD1F2720D18DAC001DFA5E /* NetworkSettings.swift */,
			);
			path = Network;
			sourceTree = "<group>";
		};
		A1DD1F1A20D18D55001DFA5E /* Repository */ = {
			isa = PBXGroup;
			children = (
				A1DD1F1B20D18D6C001DFA5E /* Main */,
			);
			path = Repository;
			sourceTree = "<group>";
		};
		A1DD1F1B20D18D6C001DFA5E /* Main */ = {
			isa = PBXGroup;
			children = (
				A1DD1F1C20D18D76001DFA5E /* MainNetworkRepository.swift */,
				A1DD1F1D20D18D76001DFA5E /* MainRepository.swift */,
			);
			path = Main;
			sourceTree = "<group>";
		};
		A1DD1F2420D18D95001DFA5E /* Entity */ = {
			isa = PBXGroup;
			children = (
				A1DD1F2520D18D9F001DFA5E /* Int+MappableEntity.swift */,
			);
			path = Entity;
			sourceTree = "<group>";
		};
		A1DD1F2920D18E39001DFA5E /* Error */ = {
			isa = PBXGroup;
			children = (
				A1DD1F2E20D18E47001DFA5E /* Catcher */,
				A1DD1F2B20D18E45001DFA5E /* HTTPError.swift */,
				A1DD1F2A20D18E44001DFA5E /* JSONError.swift */,
			);
			path = Error;
			sourceTree = "<group>";
		};
		A1DD1F2E20D18E47001DFA5E /* Catcher */ = {
			isa = PBXGroup;
			children = (
				A1DD1F2F20D18E50001DFA5E /* ErrorCatcher.swift */,
			);
			path = Catcher;
			sourceTree = "<group>";
		};
		A1DD1F3120D18E5C001DFA5E /* Endpoint */ = {
			isa = PBXGroup;
			children = (
				A1DD1F3220D18E66001DFA5E /* IntegerFinderAPI.swift */,
			);
			path = Endpoint;
			sourceTree = "<group>";
		};
		A1E5D86E20D19F3C002DA442 /* Use Case */ = {
			isa = PBXGroup;
			children = (
				A1E5D86F20D19F52002DA442 /* RetrieveIntegerArrayUseCase.swift */,
				A18AF54A20D3449C004652F7 /* IntegerMatcherUseCase.swift */,
			);
			path = "Use Case";
			sourceTree = "<group>";
		};
		A1E5D87220D1A026002DA442 /* Scenes */ = {
			isa = PBXGroup;
			children = (
				A1E5D87620D1A0CC002DA442 /* Main */,
				A1DD1EE820D18BBE001DFA5E /* Main.storyboard */,
			);
			path = Scenes;
			sourceTree = "<group>";
		};
		A1E5D87320D1A054002DA442 /* Protocol */ = {
			isa = PBXGroup;
			children = (
				A1FE0EB020D29191003D6ADB /* Mapper */,
				A1FE0EAF20D29187003D6ADB /* Adapter */,
			);
			path = Protocol;
			sourceTree = "<group>";
		};
		A1E5D87620D1A0CC002DA442 /* Main */ = {
			isa = PBXGroup;
			children = (
				A1FE0EB520D29225003D6ADB /* Mapper */,
				A1E5D88420D1AA2C002DA442 /* ViewModel */,
				A1E5D87720D1A0D2002DA442 /* CollectionView */,
				A1E5D88720D1AC3C002DA442 /* MainScreenViewController.swift */,
				A1E5D88920D1AC4E002DA442 /* MainScreenPresenter.swift */,
				A1E5D88D20D1AC70002DA442 /* MainScreenRouter.swift */,
				A1E5D88B20D1AC5D002DA442 /* MainScreenConfigurator.swift */,
			);
			path = Main;
			sourceTree = "<group>";
		};
		A1E5D87720D1A0D2002DA442 /* CollectionView */ = {
			isa = PBXGroup;
			children = (
				A1E5D87A20D1A1E0002DA442 /* Cell */,
				A1E5D87820D1A0E2002DA442 /* IntegerArrayCollectionView.swift */,
			);
			path = CollectionView;
			sourceTree = "<group>";
		};
		A1E5D87A20D1A1E0002DA442 /* Cell */ = {
			isa = PBXGroup;
			children = (
				A1E5D88020D1A30C002DA442 /* IntegerArrayCollectionViewCell.xib */,
				A1E5D88220D1A920002DA442 /* IntegerArrayCollectionViewCell.swift */,
			);
			path = Cell;
			sourceTree = "<group>";
		};
		A1E5D88420D1AA2C002DA442 /* ViewModel */ = {
			isa = PBXGroup;
			children = (
				A1E5D88520D1AA3E002DA442 /* IntegerArrayViewModel.swift */,
			);
			path = ViewModel;
			sourceTree = "<group>";
		};
		A1E5D88F20D1B1FF002DA442 /* Dependency Injection */ = {
			isa = PBXGroup;
			children = (
				A1FE0EA920D1B3B1003D6ADB /* RepositoryDependencyInjection.swift */,
				A1FE0EA720D1B30E003D6ADB /* UseCaseDependencyInjection.swift */,
				A1FE0EAB20D1B593003D6ADB /* SceneDependencyInjection.swift */,
				A1FE0EAD20D1BCD1003D6ADB /* SwinjectStoryboard+Setup.swift */,
			);
			path = "Dependency Injection";
			sourceTree = "<group>";
		};
		A1FE0EAF20D29187003D6ADB /* Adapter */ = {
			isa = PBXGroup;
			children = (
				A1E5D87420D1A06C002DA442 /* CollectionViewAdapter.swift */,
			);
			path = Adapter;
			sourceTree = "<group>";
		};
		A1FE0EB020D29191003D6ADB /* Mapper */ = {
			isa = PBXGroup;
			children = (
				A1FE0EC520D29442003D6ADB /* Generic */,
				A1FE0EB320D291D6003D6ADB /* MappableViewModel.swift */,
			);
			path = Mapper;
			sourceTree = "<group>";
		};
		A1FE0EB520D29225003D6ADB /* Mapper */ = {
			isa = PBXGroup;
			children = (
				A1FE0EB820D29273003D6ADB /* IntegerArrayViewModel+Mappable.swift */,
			);
			path = Mapper;
			sourceTree = "<group>";
		};
		A1FE0EBA20D2933F003D6ADB /* Mapper */ = {
			isa = PBXGroup;
			children = (
				A1FE0EBF20D29389003D6ADB /* Generic */,
				A1FE0EC220D293DE003D6ADB /* Model */,
				A1FE0EBD20D2937E003D6ADB /* MappableModel.swift */,
			);
			path = Mapper;
			sourceTree = "<group>";
		};
		A1FE0EBC20D2935C003D6ADB /* Generic */ = {
			isa = PBXGroup;
			children = (
				A1DD1F2020D18D8E001DFA5E /* GenericEntityMapper.swift */,
			);
			path = Generic;
			sourceTree = "<group>";
		};
		A1FE0EBF20D29389003D6ADB /* Generic */ = {
			isa = PBXGroup;
			children = (
				A1FE0EC020D2939F003D6ADB /* GenericModelMapper.swift */,
			);
			path = Generic;
			sourceTree = "<group>";
		};
		A1FE0EC220D293DE003D6ADB /* Model */ = {
			isa = PBXGroup;
			children = (
				A1FE0EC320D293FB003D6ADB /* Int+MappableModel.swift */,
			);
			path = Model;
			sourceTree = "<group>";
		};
		A1FE0EC520D29442003D6ADB /* Generic */ = {
			isa = PBXGroup;
			children = (
				A1FE0EB120D291CC003D6ADB /* GenericViewModelMapper.swift */,
			);
			path = Generic;
			sourceTree = "<group>";
		};
/* End PBXGroup section */

/* Begin PBXNativeTarget section */
		A1DD1EE020D18BBE001DFA5E /* IntegerFinder */ = {
			isa = PBXNativeTarget;
			buildConfigurationList = A1DD1F0920D18BBF001DFA5E /* Build configuration list for PBXNativeTarget "IntegerFinder" */;
			buildPhases = (
				E6B05F4A48CF84C65527768D /* [CP] Check Pods Manifest.lock */,
				A1E5D87D20D1A263002DA442 /* ShellScript */,
				A1DD1EDD20D18BBE001DFA5E /* Sources */,
				A1DD1EDE20D18BBE001DFA5E /* Frameworks */,
				A1DD1EDF20D18BBE001DFA5E /* Resources */,
				7125D742CE5A679504264B20 /* [CP] Embed Pods Frameworks */,
			);
			buildRules = (
			);
			dependencies = (
			);
			name = IntegerFinder;
			productName = IntegerFinder;
			productReference = A1DD1EE120D18BBE001DFA5E /* IntegerFinder.app */;
			productType = "com.apple.product-type.application";
		};
		A1DD1EF420D18BBF001DFA5E /* IntegerFinderTests */ = {
			isa = PBXNativeTarget;
			buildConfigurationList = A1DD1F0C20D18BBF001DFA5E /* Build configuration list for PBXNativeTarget "IntegerFinderTests" */;
			buildPhases = (
				086B99B5830C1C02358783EE /* [CP] Check Pods Manifest.lock */,
				A1DD1EF120D18BBF001DFA5E /* Sources */,
				A1DD1EF220D18BBF001DFA5E /* Frameworks */,
				A1DD1EF320D18BBF001DFA5E /* Resources */,
				F1D8B4DFCCA3B29763FF82E8 /* [CP] Embed Pods Frameworks */,
			);
			buildRules = (
			);
			dependencies = (
				A1DD1EF720D18BBF001DFA5E /* PBXTargetDependency */,
			);
			name = IntegerFinderTests;
			productName = IntegerFinderTests;
			productReference = A1DD1EF520D18BBF001DFA5E /* IntegerFinderTests.xctest */;
			productType = "com.apple.product-type.bundle.unit-test";
		};
		A1DD1EFF20D18BBF001DFA5E /* IntegerFinderUITests */ = {
			isa = PBXNativeTarget;
			buildConfigurationList = A1DD1F0F20D18BBF001DFA5E /* Build configuration list for PBXNativeTarget "IntegerFinderUITests" */;
			buildPhases = (
				A1DD1EFC20D18BBF001DFA5E /* Sources */,
				A1DD1EFD20D18BBF001DFA5E /* Frameworks */,
				A1DD1EFE20D18BBF001DFA5E /* Resources */,
			);
			buildRules = (
			);
			dependencies = (
				A1DD1F0220D18BBF001DFA5E /* PBXTargetDependency */,
			);
			name = IntegerFinderUITests;
			productName = IntegerFinderUITests;
			productReference = A1DD1F0020D18BBF001DFA5E /* IntegerFinderUITests.xctest */;
			productType = "com.apple.product-type.bundle.ui-testing";
		};
/* End PBXNativeTarget section */

/* Begin PBXProject section */
		A1DD1ED920D18BBE001DFA5E /* Project object */ = {
			isa = PBXProject;
			attributes = {
				LastSwiftUpdateCheck = 0940;
				LastUpgradeCheck = 0940;
				ORGANIZATIONNAME = "Vinicius Romani";
				TargetAttributes = {
					A1DD1EE020D18BBE001DFA5E = {
						CreatedOnToolsVersion = 9.4;
					};
					A1DD1EF420D18BBF001DFA5E = {
						CreatedOnToolsVersion = 9.4;
						TestTargetID = A1DD1EE020D18BBE001DFA5E;
					};
					A1DD1EFF20D18BBF001DFA5E = {
						CreatedOnToolsVersion = 9.4;
						TestTargetID = A1DD1EE020D18BBE001DFA5E;
					};
				};
			};
			buildConfigurationList = A1DD1EDC20D18BBE001DFA5E /* Build configuration list for PBXProject "IntegerFinder" */;
			compatibilityVersion = "Xcode 9.3";
			developmentRegion = en;
			hasScannedForEncodings = 0;
			knownRegions = (
				en,
				Base,
			);
			mainGroup = A1DD1ED820D18BBE001DFA5E;
			productRefGroup = A1DD1EE220D18BBE001DFA5E /* Products */;
			projectDirPath = "";
			projectRoot = "";
			targets = (
				A1DD1EE020D18BBE001DFA5E /* IntegerFinder */,
				A1DD1EF420D18BBF001DFA5E /* IntegerFinderTests */,
				A1DD1EFF20D18BBF001DFA5E /* IntegerFinderUITests */,
			);
		};
/* End PBXProject section */

/* Begin PBXResourcesBuildPhase section */
		A1DD1EDF20D18BBE001DFA5E /* Resources */ = {
			isa = PBXResourcesBuildPhase;
			buildActionMask = 2147483647;
			files = (
				A1DD1EEF20D18BBF001DFA5E /* LaunchScreen.storyboard in Resources */,
				A1DD1EEC20D18BBF001DFA5E /* Assets.xcassets in Resources */,
				A1DD1EEA20D18BBE001DFA5E /* Main.storyboard in Resources */,
				A1E5D88120D1A30C002DA442 /* IntegerArrayCollectionViewCell.xib in Resources */,
			);
			runOnlyForDeploymentPostprocessing = 0;
		};
		A1DD1EF320D18BBF001DFA5E /* Resources */ = {
			isa = PBXResourcesBuildPhase;
			buildActionMask = 2147483647;
			files = (
			);
			runOnlyForDeploymentPostprocessing = 0;
		};
		A1DD1EFE20D18BBF001DFA5E /* Resources */ = {
			isa = PBXResourcesBuildPhase;
			buildActionMask = 2147483647;
			files = (
			);
			runOnlyForDeploymentPostprocessing = 0;
		};
/* End PBXResourcesBuildPhase section */

/* Begin PBXShellScriptBuildPhase section */
		086B99B5830C1C02358783EE /* [CP] Check Pods Manifest.lock */ = {
			isa = PBXShellScriptBuildPhase;
			buildActionMask = 2147483647;
			files = (
			);
			inputPaths = (
				"${PODS_PODFILE_DIR_PATH}/Podfile.lock",
				"${PODS_ROOT}/Manifest.lock",
			);
			name = "[CP] Check Pods Manifest.lock";
			outputPaths = (
				"$(DERIVED_FILE_DIR)/Pods-IntegerFinderTests-checkManifestLockResult.txt",
			);
			runOnlyForDeploymentPostprocessing = 0;
			shellPath = /bin/sh;
			shellScript = "diff \"${PODS_PODFILE_DIR_PATH}/Podfile.lock\" \"${PODS_ROOT}/Manifest.lock\" > /dev/null\nif [ $? != 0 ] ; then\n    # print error to STDERR\n    echo \"error: The sandbox is not in sync with the Podfile.lock. Run 'pod install' or update your CocoaPods installation.\" >&2\n    exit 1\nfi\n# This output is used by Xcode 'outputs' to avoid re-running this script phase.\necho \"SUCCESS\" > \"${SCRIPT_OUTPUT_FILE_0}\"\n";
			showEnvVarsInLog = 0;
		};
		7125D742CE5A679504264B20 /* [CP] Embed Pods Frameworks */ = {
			isa = PBXShellScriptBuildPhase;
			buildActionMask = 2147483647;
			files = (
			);
			inputPaths = (
				"${SRCROOT}/Pods/Target Support Files/Pods-IntegerFinder/Pods-IntegerFinder-frameworks.sh",
				"${BUILT_PRODUCTS_DIR}/Alamofire/Alamofire.framework",
				"${BUILT_PRODUCTS_DIR}/Moya/Moya.framework",
				"${BUILT_PRODUCTS_DIR}/R.swift.Library/Rswift.framework",
				"${BUILT_PRODUCTS_DIR}/Result/Result.framework",
				"${BUILT_PRODUCTS_DIR}/RxSwift/RxSwift.framework",
				"${BUILT_PRODUCTS_DIR}/Swinject/Swinject.framework",
				"${BUILT_PRODUCTS_DIR}/SwinjectStoryboard/SwinjectStoryboard.framework",
			);
			name = "[CP] Embed Pods Frameworks";
			outputPaths = (
				"${TARGET_BUILD_DIR}/${FRAMEWORKS_FOLDER_PATH}/Alamofire.framework",
				"${TARGET_BUILD_DIR}/${FRAMEWORKS_FOLDER_PATH}/Moya.framework",
				"${TARGET_BUILD_DIR}/${FRAMEWORKS_FOLDER_PATH}/Rswift.framework",
				"${TARGET_BUILD_DIR}/${FRAMEWORKS_FOLDER_PATH}/Result.framework",
				"${TARGET_BUILD_DIR}/${FRAMEWORKS_FOLDER_PATH}/RxSwift.framework",
				"${TARGET_BUILD_DIR}/${FRAMEWORKS_FOLDER_PATH}/Swinject.framework",
				"${TARGET_BUILD_DIR}/${FRAMEWORKS_FOLDER_PATH}/SwinjectStoryboard.framework",
			);
			runOnlyForDeploymentPostprocessing = 0;
			shellPath = /bin/sh;
			shellScript = "\"${SRCROOT}/Pods/Target Support Files/Pods-IntegerFinder/Pods-IntegerFinder-frameworks.sh\"\n";
			showEnvVarsInLog = 0;
		};
		A1E5D87D20D1A263002DA442 /* ShellScript */ = {
			isa = PBXShellScriptBuildPhase;
			buildActionMask = 2147483647;
			files = (
			);
			inputPaths = (
			);
			outputPaths = (
			);
			runOnlyForDeploymentPostprocessing = 0;
			shellPath = /bin/sh;
			shellScript = "\"$PODS_ROOT/R.swift/rswift\" generate \"$SRCROOT\"";
		};
		E6B05F4A48CF84C65527768D /* [CP] Check Pods Manifest.lock */ = {
			isa = PBXShellScriptBuildPhase;
			buildActionMask = 2147483647;
			files = (
			);
			inputPaths = (
				"${PODS_PODFILE_DIR_PATH}/Podfile.lock",
				"${PODS_ROOT}/Manifest.lock",
			);
			name = "[CP] Check Pods Manifest.lock";
			outputPaths = (
				"$(DERIVED_FILE_DIR)/Pods-IntegerFinder-checkManifestLockResult.txt",
			);
			runOnlyForDeploymentPostprocessing = 0;
			shellPath = /bin/sh;
			shellScript = "diff \"${PODS_PODFILE_DIR_PATH}/Podfile.lock\" \"${PODS_ROOT}/Manifest.lock\" > /dev/null\nif [ $? != 0 ] ; then\n    # print error to STDERR\n    echo \"error: The sandbox is not in sync with the Podfile.lock. Run 'pod install' or update your CocoaPods installation.\" >&2\n    exit 1\nfi\n# This output is used by Xcode 'outputs' to avoid re-running this script phase.\necho \"SUCCESS\" > \"${SCRIPT_OUTPUT_FILE_0}\"\n";
			showEnvVarsInLog = 0;
		};
		F1D8B4DFCCA3B29763FF82E8 /* [CP] Embed Pods Frameworks */ = {
			isa = PBXShellScriptBuildPhase;
			buildActionMask = 2147483647;
			files = (
			);
			inputPaths = (
				"${SRCROOT}/Pods/Target Support Files/Pods-IntegerFinderTests/Pods-IntegerFinderTests-frameworks.sh",
				"${BUILT_PRODUCTS_DIR}/Nimble/Nimble.framework",
			);
			name = "[CP] Embed Pods Frameworks";
			outputPaths = (
				"${TARGET_BUILD_DIR}/${FRAMEWORKS_FOLDER_PATH}/Nimble.framework",
			);
			runOnlyForDeploymentPostprocessing = 0;
			shellPath = /bin/sh;
			shellScript = "\"${SRCROOT}/Pods/Target Support Files/Pods-IntegerFinderTests/Pods-IntegerFinderTests-frameworks.sh\"\n";
			showEnvVarsInLog = 0;
		};
/* End PBXShellScriptBuildPhase section */

/* Begin PBXSourcesBuildPhase section */
		A1DD1EDD20D18BBE001DFA5E /* Sources */ = {
			isa = PBXSourcesBuildPhase;
			buildActionMask = 2147483647;
			files = (
				A1FE0EB420D291D6003D6ADB /* MappableViewModel.swift in Sources */,
				A1DD1F2320D18D8E001DFA5E /* MappableEntity.swift in Sources */,
				A1E5D87920D1A0E2002DA442 /* IntegerArrayCollectionView.swift in Sources */,
				A1DD1F1F20D18D76001DFA5E /* MainRepository.swift in Sources */,
				A1FE0EAA20D1B3B1003D6ADB /* RepositoryDependencyInjection.swift in Sources */,
				A1DD1F2220D18D8E001DFA5E /* GenericEntityMapper.swift in Sources */,
				A1DD1F2C20D18E45001DFA5E /* JSONError.swift in Sources */,
				A1FE0EAE20D1BCD1003D6ADB /* SwinjectStoryboard+Setup.swift in Sources */,
				A1DD1F2820D18DAC001DFA5E /* NetworkSettings.swift in Sources */,
				A1DD1F3020D18E50001DFA5E /* ErrorCatcher.swift in Sources */,
				A1E5D88E20D1AC70002DA442 /* MainScreenRouter.swift in Sources */,
				A1DD1F1E20D18D76001DFA5E /* MainNetworkRepository.swift in Sources */,
				A1E5D88A20D1AC4E002DA442 /* MainScreenPresenter.swift in Sources */,
				A1FE0EB920D29273003D6ADB /* IntegerArrayViewModel+Mappable.swift in Sources */,
				A1E5D87520D1A06C002DA442 /* CollectionViewAdapter.swift in Sources */,
				A1E5D88820D1AC3C002DA442 /* MainScreenViewController.swift in Sources */,
				A1FE0EA820D1B30E003D6ADB /* UseCaseDependencyInjection.swift in Sources */,
				A18AF54B20D3449C004652F7 /* IntegerMatcherUseCase.swift in Sources */,
				A1FE0EB220D291CC003D6ADB /* GenericViewModelMapper.swift in Sources */,
				A1E5D88C20D1AC5D002DA442 /* MainScreenConfigurator.swift in Sources */,
				A1DD1F2620D18D9F001DFA5E /* Int+MappableEntity.swift in Sources */,
				A1FE0EC120D2939F003D6ADB /* GenericModelMapper.swift in Sources */,
				A1E5D88620D1AA3E002DA442 /* IntegerArrayViewModel.swift in Sources */,
				A1FE0EAC20D1B593003D6ADB /* SceneDependencyInjection.swift in Sources */,
				A1FE0EBE20D2937E003D6ADB /* MappableModel.swift in Sources */,
				A1E5D87F20D1A2B3002DA442 /* R.generated.swift in Sources */,
				A1E5D87020D19F52002DA442 /* RetrieveIntegerArrayUseCase.swift in Sources */,
				A1FE0EC420D293FB003D6ADB /* Int+MappableModel.swift in Sources */,
				A1DD1F3320D18E66001DFA5E /* IntegerFinderAPI.swift in Sources */,
				A1DD1F2D20D18E45001DFA5E /* HTTPError.swift in Sources */,
				A1E5D88320D1A920002DA442 /* IntegerArrayCollectionViewCell.swift in Sources */,
				A1DD1EE520D18BBE001DFA5E /* AppDelegate.swift in Sources */,
			);
			runOnlyForDeploymentPostprocessing = 0;
		};
		A1DD1EF120D18BBF001DFA5E /* Sources */ = {
			isa = PBXSourcesBuildPhase;
			buildActionMask = 2147483647;
			files = (
				A1DD1EFA20D18BBF001DFA5E /* IntegerFinderTests.swift in Sources */,
			);
			runOnlyForDeploymentPostprocessing = 0;
		};
		A1DD1EFC20D18BBF001DFA5E /* Sources */ = {
			isa = PBXSourcesBuildPhase;
			buildActionMask = 2147483647;
			files = (
				A1DD1F0520D18BBF001DFA5E /* IntegerFinderUITests.swift in Sources */,
			);
			runOnlyForDeploymentPostprocessing = 0;
		};
/* End PBXSourcesBuildPhase section */

/* Begin PBXTargetDependency section */
		A1DD1EF720D18BBF001DFA5E /* PBXTargetDependency */ = {
			isa = PBXTargetDependency;
			target = A1DD1EE020D18BBE001DFA5E /* IntegerFinder */;
			targetProxy = A1DD1EF620D18BBF001DFA5E /* PBXContainerItemProxy */;
		};
		A1DD1F0220D18BBF001DFA5E /* PBXTargetDependency */ = {
			isa = PBXTargetDependency;
			target = A1DD1EE020D18BBE001DFA5E /* IntegerFinder */;
			targetProxy = A1DD1F0120D18BBF001DFA5E /* PBXContainerItemProxy */;
		};
/* End PBXTargetDependency section */

/* Begin PBXVariantGroup section */
		A1DD1EE820D18BBE001DFA5E /* Main.storyboard */ = {
			isa = PBXVariantGroup;
			children = (
				A1DD1EE920D18BBE001DFA5E /* Base */,
			);
			name = Main.storyboard;
			sourceTree = "<group>";
		};
		A1DD1EED20D18BBF001DFA5E /* LaunchScreen.storyboard */ = {
			isa = PBXVariantGroup;
			children = (
				A1DD1EEE20D18BBF001DFA5E /* Base */,
			);
			name = LaunchScreen.storyboard;
			sourceTree = "<group>";
		};
/* End PBXVariantGroup section */

/* Begin XCBuildConfiguration section */
		A1DD1F0720D18BBF001DFA5E /* Debug */ = {
			isa = XCBuildConfiguration;
			buildSettings = {
				ALWAYS_SEARCH_USER_PATHS = NO;
				CLANG_ANALYZER_NONNULL = YES;
				CLANG_ANALYZER_NUMBER_OBJECT_CONVERSION = YES_AGGRESSIVE;
				CLANG_CXX_LANGUAGE_STANDARD = "gnu++14";
				CLANG_CXX_LIBRARY = "libc++";
				CLANG_ENABLE_MODULES = YES;
				CLANG_ENABLE_OBJC_ARC = YES;
				CLANG_ENABLE_OBJC_WEAK = YES;
				CLANG_WARN_BLOCK_CAPTURE_AUTORELEASING = YES;
				CLANG_WARN_BOOL_CONVERSION = YES;
				CLANG_WARN_COMMA = YES;
				CLANG_WARN_CONSTANT_CONVERSION = YES;
				CLANG_WARN_DEPRECATED_OBJC_IMPLEMENTATIONS = YES;
				CLANG_WARN_DIRECT_OBJC_ISA_USAGE = YES_ERROR;
				CLANG_WARN_DOCUMENTATION_COMMENTS = YES;
				CLANG_WARN_EMPTY_BODY = YES;
				CLANG_WARN_ENUM_CONVERSION = YES;
				CLANG_WARN_INFINITE_RECURSION = YES;
				CLANG_WARN_INT_CONVERSION = YES;
				CLANG_WARN_NON_LITERAL_NULL_CONVERSION = YES;
				CLANG_WARN_OBJC_IMPLICIT_RETAIN_SELF = YES;
				CLANG_WARN_OBJC_LITERAL_CONVERSION = YES;
				CLANG_WARN_OBJC_ROOT_CLASS = YES_ERROR;
				CLANG_WARN_RANGE_LOOP_ANALYSIS = YES;
				CLANG_WARN_STRICT_PROTOTYPES = YES;
				CLANG_WARN_SUSPICIOUS_MOVE = YES;
				CLANG_WARN_UNGUARDED_AVAILABILITY = YES_AGGRESSIVE;
				CLANG_WARN_UNREACHABLE_CODE = YES;
				CLANG_WARN__DUPLICATE_METHOD_MATCH = YES;
				CODE_SIGN_IDENTITY = "iPhone Developer";
				COPY_PHASE_STRIP = NO;
				DEBUG_INFORMATION_FORMAT = dwarf;
				ENABLE_STRICT_OBJC_MSGSEND = YES;
				ENABLE_TESTABILITY = YES;
				GCC_C_LANGUAGE_STANDARD = gnu11;
				GCC_DYNAMIC_NO_PIC = NO;
				GCC_NO_COMMON_BLOCKS = YES;
				GCC_OPTIMIZATION_LEVEL = 0;
				GCC_PREPROCESSOR_DEFINITIONS = (
					"DEBUG=1",
					"$(inherited)",
				);
				GCC_WARN_64_TO_32_BIT_CONVERSION = YES;
				GCC_WARN_ABOUT_RETURN_TYPE = YES_ERROR;
				GCC_WARN_UNDECLARED_SELECTOR = YES;
				GCC_WARN_UNINITIALIZED_AUTOS = YES_AGGRESSIVE;
				GCC_WARN_UNUSED_FUNCTION = YES;
				GCC_WARN_UNUSED_VARIABLE = YES;
				IPHONEOS_DEPLOYMENT_TARGET = 11.4;
				MTL_ENABLE_DEBUG_INFO = YES;
				ONLY_ACTIVE_ARCH = YES;
				SDKROOT = iphoneos;
				SWIFT_ACTIVE_COMPILATION_CONDITIONS = DEBUG;
				SWIFT_OPTIMIZATION_LEVEL = "-Onone";
			};
			name = Debug;
		};
		A1DD1F0820D18BBF001DFA5E /* Release */ = {
			isa = XCBuildConfiguration;
			buildSettings = {
				ALWAYS_SEARCH_USER_PATHS = NO;
				CLANG_ANALYZER_NONNULL = YES;
				CLANG_ANALYZER_NUMBER_OBJECT_CONVERSION = YES_AGGRESSIVE;
				CLANG_CXX_LANGUAGE_STANDARD = "gnu++14";
				CLANG_CXX_LIBRARY = "libc++";
				CLANG_ENABLE_MODULES = YES;
				CLANG_ENABLE_OBJC_ARC = YES;
				CLANG_ENABLE_OBJC_WEAK = YES;
				CLANG_WARN_BLOCK_CAPTURE_AUTORELEASING = YES;
				CLANG_WARN_BOOL_CONVERSION = YES;
				CLANG_WARN_COMMA = YES;
				CLANG_WARN_CONSTANT_CONVERSION = YES;
				CLANG_WARN_DEPRECATED_OBJC_IMPLEMENTATIONS = YES;
				CLANG_WARN_DIRECT_OBJC_ISA_USAGE = YES_ERROR;
				CLANG_WARN_DOCUMENTATION_COMMENTS = YES;
				CLANG_WARN_EMPTY_BODY = YES;
				CLANG_WARN_ENUM_CONVERSION = YES;
				CLANG_WARN_INFINITE_RECURSION = YES;
				CLANG_WARN_INT_CONVERSION = YES;
				CLANG_WARN_NON_LITERAL_NULL_CONVERSION = YES;
				CLANG_WARN_OBJC_IMPLICIT_RETAIN_SELF = YES;
				CLANG_WARN_OBJC_LITERAL_CONVERSION = YES;
				CLANG_WARN_OBJC_ROOT_CLASS = YES_ERROR;
				CLANG_WARN_RANGE_LOOP_ANALYSIS = YES;
				CLANG_WARN_STRICT_PROTOTYPES = YES;
				CLANG_WARN_SUSPICIOUS_MOVE = YES;
				CLANG_WARN_UNGUARDED_AVAILABILITY = YES_AGGRESSIVE;
				CLANG_WARN_UNREACHABLE_CODE = YES;
				CLANG_WARN__DUPLICATE_METHOD_MATCH = YES;
				CODE_SIGN_IDENTITY = "iPhone Developer";
				COPY_PHASE_STRIP = NO;
				DEBUG_INFORMATION_FORMAT = "dwarf-with-dsym";
				ENABLE_NS_ASSERTIONS = NO;
				ENABLE_STRICT_OBJC_MSGSEND = YES;
				GCC_C_LANGUAGE_STANDARD = gnu11;
				GCC_NO_COMMON_BLOCKS = YES;
				GCC_WARN_64_TO_32_BIT_CONVERSION = YES;
				GCC_WARN_ABOUT_RETURN_TYPE = YES_ERROR;
				GCC_WARN_UNDECLARED_SELECTOR = YES;
				GCC_WARN_UNINITIALIZED_AUTOS = YES_AGGRESSIVE;
				GCC_WARN_UNUSED_FUNCTION = YES;
				GCC_WARN_UNUSED_VARIABLE = YES;
				IPHONEOS_DEPLOYMENT_TARGET = 11.4;
				MTL_ENABLE_DEBUG_INFO = NO;
				SDKROOT = iphoneos;
				SWIFT_COMPILATION_MODE = wholemodule;
				SWIFT_OPTIMIZATION_LEVEL = "-O";
				VALIDATE_PRODUCT = YES;
			};
			name = Release;
		};
		A1DD1F0A20D18BBF001DFA5E /* Debug */ = {
			isa = XCBuildConfiguration;
			baseConfigurationReference = EC131227B476433027E5E1F7 /* Pods-IntegerFinder.debug.xcconfig */;
			buildSettings = {
				ASSETCATALOG_COMPILER_APPICON_NAME = AppIcon;
				CODE_SIGN_STYLE = Automatic;
				DEVELOPMENT_TEAM = BKR95QN7KN;
				INFOPLIST_FILE = "$(SRCROOT)/IntegerFinder/Support Files/Info.plist";
				LD_RUNPATH_SEARCH_PATHS = (
					"$(inherited)",
					"@executable_path/Frameworks",
				);
				PRODUCT_BUNDLE_IDENTIFIER = com.personal.IntegerFinder;
				PRODUCT_NAME = "$(TARGET_NAME)";
				SWIFT_VERSION = 4.0;
				TARGETED_DEVICE_FAMILY = "1,2";
			};
			name = Debug;
		};
		A1DD1F0B20D18BBF001DFA5E /* Release */ = {
			isa = XCBuildConfiguration;
			baseConfigurationReference = C638EE1D4068D80D4A704973 /* Pods-IntegerFinder.release.xcconfig */;
			buildSettings = {
				ASSETCATALOG_COMPILER_APPICON_NAME = AppIcon;
				CODE_SIGN_STYLE = Automatic;
				DEVELOPMENT_TEAM = BKR95QN7KN;
				INFOPLIST_FILE = "$(SRCROOT)/IntegerFinder/Support Files/Info.plist";
				LD_RUNPATH_SEARCH_PATHS = (
					"$(inherited)",
					"@executable_path/Frameworks",
				);
				PRODUCT_BUNDLE_IDENTIFIER = com.personal.IntegerFinder;
				PRODUCT_NAME = "$(TARGET_NAME)";
				SWIFT_VERSION = 4.0;
				TARGETED_DEVICE_FAMILY = "1,2";
			};
			name = Release;
		};
		A1DD1F0D20D18BBF001DFA5E /* Debug */ = {
			isa = XCBuildConfiguration;
			baseConfigurationReference = CC3DD59C37F6C5A83C2D3F5C /* Pods-IntegerFinderTests.debug.xcconfig */;
			buildSettings = {
				ALWAYS_EMBED_SWIFT_STANDARD_LIBRARIES = "$(inherited)";
				BUNDLE_LOADER = "$(TEST_HOST)";
				CODE_SIGN_STYLE = Automatic;
				DEVELOPMENT_TEAM = BKR95QN7KN;
				INFOPLIST_FILE = IntegerFinderTests/Info.plist;
				LD_RUNPATH_SEARCH_PATHS = (
					"$(inherited)",
					"@executable_path/Frameworks",
					"@loader_path/Frameworks",
				);
				PRODUCT_BUNDLE_IDENTIFIER = com.personal.IntegerFinderTests;
				PRODUCT_NAME = "$(TARGET_NAME)";
				SWIFT_VERSION = 4.0;
				TARGETED_DEVICE_FAMILY = "1,2";
				TEST_HOST = "$(BUILT_PRODUCTS_DIR)/IntegerFinder.app/IntegerFinder";
			};
			name = Debug;
		};
		A1DD1F0E20D18BBF001DFA5E /* Release */ = {
			isa = XCBuildConfiguration;
			baseConfigurationReference = B2410ED8419BEE4EA69A1F2C /* Pods-IntegerFinderTests.release.xcconfig */;
			buildSettings = {
				ALWAYS_EMBED_SWIFT_STANDARD_LIBRARIES = "$(inherited)";
				BUNDLE_LOADER = "$(TEST_HOST)";
				CODE_SIGN_STYLE = Automatic;
				DEVELOPMENT_TEAM = BKR95QN7KN;
				INFOPLIST_FILE = IntegerFinderTests/Info.plist;
				LD_RUNPATH_SEARCH_PATHS = (
					"$(inherited)",
					"@executable_path/Frameworks",
					"@loader_path/Frameworks",
				);
				PRODUCT_BUNDLE_IDENTIFIER = com.personal.IntegerFinderTests;
				PRODUCT_NAME = "$(TARGET_NAME)";
				SWIFT_VERSION = 4.0;
				TARGETED_DEVICE_FAMILY = "1,2";
				TEST_HOST = "$(BUILT_PRODUCTS_DIR)/IntegerFinder.app/IntegerFinder";
			};
			name = Release;
		};
		A1DD1F1020D18BBF001DFA5E /* Debug */ = {
			isa = XCBuildConfiguration;
			buildSettings = {
				ALWAYS_EMBED_SWIFT_STANDARD_LIBRARIES = "$(inherited)";
				CODE_SIGN_STYLE = Automatic;
				DEVELOPMENT_TEAM = BKR95QN7KN;
				INFOPLIST_FILE = IntegerFinderUITests/Info.plist;
				LD_RUNPATH_SEARCH_PATHS = (
					"$(inherited)",
					"@executable_path/Frameworks",
					"@loader_path/Frameworks",
				);
				PRODUCT_BUNDLE_IDENTIFIER = com.personal.IntegerFinderUITests;
				PRODUCT_NAME = "$(TARGET_NAME)";
				SWIFT_VERSION = 4.0;
				TARGETED_DEVICE_FAMILY = "1,2";
				TEST_TARGET_NAME = IntegerFinder;
			};
			name = Debug;
		};
		A1DD1F1120D18BBF001DFA5E /* Release */ = {
			isa = XCBuildConfiguration;
			buildSettings = {
				ALWAYS_EMBED_SWIFT_STANDARD_LIBRARIES = "$(inherited)";
				CODE_SIGN_STYLE = Automatic;
				DEVELOPMENT_TEAM = BKR95QN7KN;
				INFOPLIST_FILE = IntegerFinderUITests/Info.plist;
				LD_RUNPATH_SEARCH_PATHS = (
					"$(inherited)",
					"@executable_path/Frameworks",
					"@loader_path/Frameworks",
				);
				PRODUCT_BUNDLE_IDENTIFIER = com.personal.IntegerFinderUITests;
				PRODUCT_NAME = "$(TARGET_NAME)";
				SWIFT_VERSION = 4.0;
				TARGETED_DEVICE_FAMILY = "1,2";
				TEST_TARGET_NAME = IntegerFinder;
			};
			name = Release;
		};
/* End XCBuildConfiguration section */

/* Begin XCConfigurationList section */
		A1DD1EDC20D18BBE001DFA5E /* Build configuration list for PBXProject "IntegerFinder" */ = {
			isa = XCConfigurationList;
			buildConfigurations = (
				A1DD1F0720D18BBF001DFA5E /* Debug */,
				A1DD1F0820D18BBF001DFA5E /* Release */,
			);
			defaultConfigurationIsVisible = 0;
			defaultConfigurationName = Release;
		};
		A1DD1F0920D18BBF001DFA5E /* Build configuration list for PBXNativeTarget "IntegerFinder" */ = {
			isa = XCConfigurationList;
			buildConfigurations = (
				A1DD1F0A20D18BBF001DFA5E /* Debug */,
				A1DD1F0B20D18BBF001DFA5E /* Release */,
			);
			defaultConfigurationIsVisible = 0;
			defaultConfigurationName = Release;
		};
		A1DD1F0C20D18BBF001DFA5E /* Build configuration list for PBXNativeTarget "IntegerFinderTests" */ = {
			isa = XCConfigurationList;
			buildConfigurations = (
				A1DD1F0D20D18BBF001DFA5E /* Debug */,
				A1DD1F0E20D18BBF001DFA5E /* Release */,
			);
			defaultConfigurationIsVisible = 0;
			defaultConfigurationName = Release;
		};
		A1DD1F0F20D18BBF001DFA5E /* Build configuration list for PBXNativeTarget "IntegerFinderUITests" */ = {
			isa = XCConfigurationList;
			buildConfigurations = (
				A1DD1F1020D18BBF001DFA5E /* Debug */,
				A1DD1F1120D18BBF001DFA5E /* Release */,
			);
			defaultConfigurationIsVisible = 0;
			defaultConfigurationName = Release;
		};
/* End XCConfigurationList section */
	};
	rootObject = A1DD1ED920D18BBE001DFA5E /* Project object */;
}
